
Microsoft Visual Studio Solution File, Format Version 12.00
# Visual Studio 15
VisualStudioVersion = 15.0.27512.0
MinimumVisualStudioVersion = 10.0.40219.1
Project("{FAE04EC0-301F-11D3-BF4B-00C04F79EFBC}") = "Lab 1.1 QnA Bot", "Lab 1.1 QnA Bot\Lab 1.1 QnA Bot.csproj", "{DD7AE630-03AE-49DC-8F96-3F62589DA6F4}"
EndProject
Global
	GlobalSection(SolutionConfigurationPlatforms) = preSolution
		Debug|Any CPU = Debug|Any CPU
		Release|Any CPU = Release|Any CPU
	EndGlobalSection
	GlobalSection(ProjectConfigurationPlatforms) = postSolution
		{DD7AE630-03AE-49DC-8F96-3F62589DA6F4}.Debug|Any CPU.ActiveCfg = Debug|Any CPU
		{DD7AE630-03AE-49DC-8F96-3F62589DA6F4}.Debug|Any CPU.Build.0 = Debug|Any CPU
		{DD7AE630-03AE-49DC-8F96-3F62589DA6F4}.Release|Any CPU.ActiveCfg = Release|Any CPU
		{DD7AE630-03AE-49DC-8F96-3F62589DA6F4}.Release|Any CPU.Build.0 = Release|Any CPU
	EndGlobalSection
	GlobalSection(SolutionProperties) = preSolution
		HideSolutionNode = FALSE
	EndGlobalSection
	GlobalSection(ExtensibilityGlobals) = postSolution
		SolutionGuid = {2521408E-F8F3-4387-868D-387C6EB31FE4}
	EndGlobalSection
EndGlobal
